{
  "version": 2,
  "dependencies": {
    "net8.0": {
      "coverlet.collector": {
        "type": "Direct",
        "requested": "[6.0.3, )",
        "resolved": "6.0.3",
        "contentHash": "SvLbRq7gjzE34BI90vP6ge812+PAjinNoKhdFZHwVEu/ozJgZY+0KyDh1K0teDeMeuzQJuF8OvleRBYXsZDz0A=="
      },
      "FluentAssertions": {
        "type": "Direct",
        "requested": "[6.12.2, )",
        "resolved": "6.12.2",
        "contentHash": "8YE+xJmT8wgzEpFuzJ4S62oFhEL/AKouMz1RWPEMEUhy9H11aRQlGIWcHurH5BEy7tbF6gb0CJrs0wOw/AtDcQ==",
        "dependencies": {
          "System.Configuration.ConfigurationManager": "4.4.0"
        }
      },
      "Microsoft.NET.Test.Sdk": {
        "type": "Direct",
        "requested": "[17.11.1, )",
        "resolved": "17.11.1",
        "contentHash": "U3Ty4BaGoEu+T2bwSko9tWqWUOU16WzSFkq6U8zve75oRBMSLTBdMAZrVNNz1Tq12aCdDom9fcOcM9QZaFHqFg==",
        "dependencies": {
          "Microsoft.CodeCoverage": "17.11.1",
          "Microsoft.TestPlatform.TestHost": "17.11.1"
        }
      },
      "Silk.NET.OpenGL": {
        "type": "Direct",
        "requested": "[2.23.0, )",
        "resolved": "2.23.0",
        "contentHash": "CIakUoUqiAyRPykMk54tr1M1XpbJrT/iw12T85HDQcuRCFlBa1cxbX7v3FmtznKO5eM89esfmGNCgqDaKBiWfg==",
        "dependencies": {
          "Silk.NET.Core": "2.23.0",
          "Silk.NET.Maths": "2.23.0"
        }
      },
      "Silk.NET.Windowing.Glfw": {
        "type": "Direct",
        "requested": "[2.23.0, )",
        "resolved": "2.23.0",
        "contentHash": "aYBudKmENmvLRn9p15HbdvlQTnnXskcDfTfbYwSb/4fr263rGLwYuDw/txUEc2jihHJiWCp5+75Y7z5wTJWl7g==",
        "dependencies": {
          "Silk.NET.GLFW": "2.23.0",
          "Silk.NET.Windowing.Common": "2.23.0"
        }
      },
      "SixLabors.ImageSharp": {
        "type": "Direct",
        "requested": "[3.1.12, )",
        "resolved": "3.1.12",
        "contentHash": "iAg6zifihXEFS/t7fiHhZBGAdCp3FavsF4i2ZIDp0JfeYeDVzvmlbY1CNhhIKimaIzrzSi5M/NBFcWvZT2rB/A=="
      },
      "xunit": {
        "type": "Direct",
        "requested": "[2.9.2, )",
        "resolved": "2.9.2",
        "contentHash": "7LhFS2N9Z6Xgg8aE5lY95cneYivRMfRI8v+4PATa4S64D5Z/Plkg0qa8dTRHSiGRgVZ/CL2gEfJDE5AUhOX+2Q==",
        "dependencies": {
          "xunit.analyzers": "1.16.0",
          "xunit.assert": "2.9.2",
          "xunit.core": "[2.9.2]"
        }
      },
      "xunit.runner.visualstudio": {
        "type": "Direct",
        "requested": "[2.8.2, )",
        "resolved": "2.8.2",
        "contentHash": "vm1tbfXhFmjFMUmS4M0J0ASXz3/U5XvXBa6DOQUL3fEz4Vt6YPhv+ESCarx6M6D+9kJkJYZKCNvJMas1+nVfmQ=="
      },
      "Microsoft.CodeCoverage": {
        "type": "Transitive",
        "resolved": "17.11.1",
        "contentHash": "nPJqrcA5iX+Y0kqoT3a+pD/8lrW/V7ayqnEJQsTonSoPz59J8bmoQhcSN4G8+UJ64Hkuf0zuxnfuj2lkHOq4cA=="
      },
      "Microsoft.CSharp": {
        "type": "Transitive",
        "resolved": "4.7.0",
        "contentHash": "pTj+D3uJWyN3My70i2Hqo+OXixq3Os2D1nJ2x92FFo6sk8fYS1m1WLNTs0Dc1uPaViH0YvEEwvzddQ7y4rhXmA=="
      },
      "Microsoft.DotNet.PlatformAbstractions": {
        "type": "Transitive",
        "resolved": "3.1.6",
        "contentHash": "jek4XYaQ/PGUwDKKhwR8K47Uh1189PFzMeLqO83mXrXQVIpARZCcfuDedH50YDTepBkfijCZN5U/vZi++erxtg=="
      },
      "Microsoft.Extensions.DependencyModel": {
        "type": "Transitive",
        "resolved": "9.0.9",
        "contentHash": "fNGvKct2De8ghm0Bpfq0iWthtzIWabgOTi+gJhNOPhNJIowXNEUE2eZNW/zNCzrHVA3PXg2yZ+3cWZndC2IqYA==",
        "dependencies": {
          "System.Text.Encodings.Web": "9.0.9",
          "System.Text.Json": "9.0.9"
        }
      },
      "Microsoft.TestPlatform.ObjectModel": {
        "type": "Transitive",
        "resolved": "17.11.1",
        "contentHash": "E2jZqAU6JeWEVsyOEOrSW1o1bpHLgb25ypvKNB/moBXPVsFYBPd/Jwi7OrYahG50J83LfHzezYI+GaEkpAotiA==",
        "dependencies": {
          "System.Reflection.Metadata": "1.6.0"
        }
      },
      "Microsoft.TestPlatform.TestHost": {
        "type": "Transitive",
        "resolved": "17.11.1",
        "contentHash": "DnG+GOqJXO/CkoqlJWeDFTgPhqD/V6VqUIL3vINizCWZ3X+HshCtbbyDdSHQQEjrc2Sl/K3yaxX6s+5LFEdYuw==",
        "dependencies": {
          "Microsoft.TestPlatform.ObjectModel": "17.11.1",
          "Newtonsoft.Json": "13.0.1"
        }
      },
      "Newtonsoft.Json": {
        "type": "Transitive",
        "resolved": "13.0.1",
        "contentHash": "ppPFpBcvxdsfUonNcvITKqLl3bqxWbDCZIzDWHzjpdAHRFfZe0Dw9HmA0+za13IdyrgJwpkDTDA9fHaxOrt20A=="
      },
      "SharpGen.Runtime": {
        "type": "Transitive",
        "resolved": "2.1.2-beta",
        "contentHash": "nqZAjfEG1jX1ivvdZLsi6Pkt0DiOJyuOgRgldNFsmjXFPhxUbXQibofLSwuDZidL2kkmtTF8qLoRIeqeVdXgYw=="
      },
      "SharpGen.Runtime.COM": {
        "type": "Transitive",
        "resolved": "2.1.2-beta",
        "contentHash": "HBCrb6HfnUWx9v5/GjJeBr5DuodZLnHlFQQYXPrQs1Hbe1c6Wd0uCXf+SJp4hW8fQNxjXEu0FgiyHGlA/SRzRw==",
        "dependencies": {
          "SharpGen.Runtime": "2.1.2-beta"
        }
      },
      "Silk.NET.Core": {
        "type": "Transitive",
        "resolved": "2.23.0",
        "contentHash": "D7AT/nnwlB+4RZ84XY8QNGBZMJI5z9l4CSSETIJ1wCfRJzRt/341y3MRZ4HbnFz4r/IGaWOEZr86iE+0/65yyQ==",
        "dependencies": {
          "Microsoft.CSharp": "4.7.0",
          "Microsoft.DotNet.PlatformAbstractions": "3.1.6",
          "Microsoft.Extensions.DependencyModel": "9.0.9",
          "System.Memory": "4.6.3",
          "System.Numerics.Vectors": "4.6.1",
          "System.Runtime.CompilerServices.Unsafe": "6.1.2"
        }
      },
      "Silk.NET.GLFW": {
        "type": "Transitive",
        "resolved": "2.23.0",
        "contentHash": "UIs4sH57xlPUNHQ/1bt9rymPWlGy8IMDCNv86h0iM4TOA1CkIx0XM/n/tA4AReh1zQkNrvkxPEdZ3Blvy1dyXg==",
        "dependencies": {
          "Silk.NET.Core": "2.23.0",
          "Ultz.Native.GLFW": "3.4.0"
        }
      },
      "Silk.NET.Maths": {
        "type": "Transitive",
        "resolved": "2.23.0",
        "contentHash": "r8PdIVzME8EH0qAgbmRPO87I4GfgR2j8TofT7EMuRJDf1QluoQwnVypDoFJjQ2ZBSRsGYk5unYxxogI05Ogsmw=="
      },
      "Silk.NET.Windowing.Common": {
        "type": "Transitive",
        "resolved": "2.23.0",
        "contentHash": "ThStSinmY9KQI8DGiF5XEhkLJVnBcgRTBTzL9ijg1wMZAYuckz7ykrNw04fjRm2Gryh6tCNGbvz2XaY0efeFzg==",
        "dependencies": {
          "Silk.NET.Core": "2.23.0",
          "Silk.NET.Maths": "2.23.0"
        }
      },
      "System.Configuration.ConfigurationManager": {
        "type": "Transitive",
        "resolved": "4.4.0",
        "contentHash": "gWwQv/Ug1qWJmHCmN17nAbxJYmQBM/E94QxKLksvUiiKB1Ld3Sc/eK1lgmbSjDFxkQhVuayI/cGFZhpBSodLrg==",
        "dependencies": {
          "System.Security.Cryptography.ProtectedData": "4.4.0"
        }
      },
      "System.IO.Pipelines": {
        "type": "Transitive",
        "resolved": "9.0.9",
        "contentHash": "VySjpsCLprojvat550Flrm3NQB982CPuDzILajqjQihFmrQXZPdQyktIbcpVPJyaExFYtAfY1DpwMdWQuS0kbw=="
      },
      "System.Memory": {
        "type": "Transitive",
        "resolved": "4.6.3",
        "contentHash": "qdcDOgnFZY40+Q9876JUHnlHu7bosOHX8XISRoH94fwk6hgaeQGSgfZd8srWRZNt5bV9ZW2TljcegDNxsf+96A=="
      },
      "System.Numerics.Vectors": {
        "type": "Transitive",
        "resolved": "4.6.1",
        "contentHash": "sQxefTnhagrhoq2ReR0D/6K0zJcr9Hrd6kikeXsA1I8kOCboTavcUC4r7TSfpKFeE163uMuxZcyfO1mGO3EN8Q=="
      },
      "System.Reflection.Metadata": {
        "type": "Transitive",
        "resolved": "1.6.0",
        "contentHash": "COC1aiAJjCoA5GBF+QKL2uLqEBew4JsCkQmoHKbN3TlOZKa2fKLz5CpiRQKDz0RsAOEGsVKqOD5bomsXq/4STQ=="
      },
      "System.Runtime.CompilerServices.Unsafe": {
        "type": "Transitive",
        "resolved": "6.1.2",
        "contentHash": "2hBr6zdbIBTDE3EhK7NSVNdX58uTK6iHW/P/Axmm9sl1xoGSLqDvMtpecn226TNwHByFokYwJmt/aQQNlO5CRw=="
      },
      "System.Security.Cryptography.ProtectedData": {
        "type": "Transitive",
        "resolved": "4.4.0",
        "contentHash": "cJV7ScGW7EhatRsjehfvvYVBvtiSMKgN8bOVI0bQhnF5bU7vnHVIsH49Kva7i7GWaWYvmEzkYVk1TC+gZYBEog=="
      },
      "System.Text.Encodings.Web": {
        "type": "Transitive",
        "resolved": "9.0.9",
        "contentHash": "bzYTmAcmfelUOCBxvbgsfSr2tq94ydA2gJZAxZRcuNa0LlmlVz8JNHst6RG1qsDujyVYT4vjv06y8sCLbvCXdg=="
      },
      "System.Text.Json": {
        "type": "Transitive",
        "resolved": "9.0.9",
        "contentHash": "NEnpppwq67fRz/OvQRxsEMgetDJsxlxpEsAFO/4PZYbAyAMd4Ol6KS7phc8uDoKPsnbdzRLKobpX303uQwCqdg==",
        "dependencies": {
          "System.IO.Pipelines": "9.0.9",
          "System.Text.Encodings.Web": "9.0.9"
        }
      },
      "Ultz.Native.GLFW": {
        "type": "Transitive",
        "resolved": "3.4.0",
        "contentHash": "Iy22JopynbOJ32vA0lBhFEzGi65GQJBuJHYBYRBpydrDpNoTiHnjIXfA65Gu+8qsOr/ZEoIF8r9aHCgAXuO6DA=="
      },
      "Vortice.DirectX": {
        "type": "Transitive",
        "resolved": "3.5.0",
        "contentHash": "LwyojEqRCaYgMoEqKsLnHWJ85wM237wFzZy/w57kvQPDsEd+zcqdwDYswOCEdizcLtDBzX/Xt4bbUPgFi8Kp4w==",
        "dependencies": {
          "SharpGen.Runtime": "2.1.2-beta",
          "SharpGen.Runtime.COM": "2.1.2-beta",
          "Vortice.Mathematics": "1.7.8"
        }
      },
      "Vortice.DXGI": {
        "type": "Transitive",
        "resolved": "3.5.0",
        "contentHash": "W1dHY13DbitLJDVAAD8+YiGddqzBP1m3wN3pfEmxYrrE+dGEV/31aaw8EV74GXYnJQZ2vWJCnc7LCFPR2YkBnw==",
        "dependencies": {
          "SharpGen.Runtime": "2.1.2-beta",
          "Vortice.DirectX": "3.5.0"
        }
      },
      "Vortice.Mathematics": {
        "type": "Transitive",
        "resolved": "1.7.8",
        "contentHash": "hpVlfej54yC6Qaq9AYXWgTgF8SDz2dtKbDNZGO8msjn3NjdkUBnFcIzYfOWyvwvpr3aqZPKh4WSSnJ78GxyIWg=="
      },
      "xunit.abstractions": {
        "type": "Transitive",
        "resolved": "2.0.3",
        "contentHash": "pot1I4YOxlWjIb5jmwvvQNbTrZ3lJQ+jUGkGjWE3hEFM0l5gOnBWS+H3qsex68s5cO52g+44vpGzhAt+42vwKg=="
      },
      "xunit.analyzers": {
        "type": "Transitive",
        "resolved": "1.16.0",
        "contentHash": "hptYM7vGr46GUIgZt21YHO4rfuBAQS2eINbFo16CV/Dqq+24Tp+P5gDCACu1AbFfW4Sp/WRfDPSK8fmUUb8s0Q=="
      },
      "xunit.assert": {
        "type": "Transitive",
        "resolved": "2.9.2",
        "contentHash": "QkNBAQG4pa66cholm28AxijBjrmki98/vsEh4Sx5iplzotvPgpiotcxqJQMRC8d7RV7nIT8ozh97957hDnZwsQ=="
      },
      "xunit.core": {
        "type": "Transitive",
        "resolved": "2.9.2",
        "contentHash": "O6RrNSdmZ0xgEn5kT927PNwog5vxTtKrWMihhhrT0Sg9jQ7iBDciYOwzBgP2krBEk5/GBXI18R1lKvmnxGcb4w==",
        "dependencies": {
          "xunit.extensibility.core": "[2.9.2]",
          "xunit.extensibility.execution": "[2.9.2]"
        }
      },
      "xunit.extensibility.core": {
        "type": "Transitive",
        "resolved": "2.9.2",
        "contentHash": "Ol+KlBJz1x8BrdnhN2DeOuLrr1I/cTwtHCggL9BvYqFuVd/TUSzxNT5O0NxCIXth30bsKxgMfdqLTcORtM52yQ==",
        "dependencies": {
          "xunit.abstractions": "2.0.3"
        }
      },
      "xunit.extensibility.execution": {
        "type": "Transitive",
        "resolved": "2.9.2",
        "contentHash": "rKMpq4GsIUIJibXuZoZ8lYp5EpROlnYaRpwu9Zr0sRZXE7JqJfEEbCsUriZqB+ByXCLFBJyjkTRULMdC+U566g==",
        "dependencies": {
          "xunit.extensibility.core": "[2.9.2]"
        }
      },
      "shadowdusk.compiler": {
        "type": "Project",
        "dependencies": {
          "ShadowDusk.Core": "[1.0.0, )",
          "ShadowDusk.GLSL": "[1.0.0, )",
          "ShadowDusk.HLSL": "[1.0.0, )"
        }
      },
      "shadowdusk.core": {
        "type": "Project"
      },
      "shadowdusk.glsl": {
        "type": "Project",
        "dependencies": {
          "ShadowDusk.Core": "[1.0.0, )",
          "Silk.NET.SPIRV.Cross.Native": "[2.23.0, )"
        }
      },
      "shadowdusk.hlsl": {
        "type": "Project",
        "dependencies": {
          "ShadowDusk.Core": "[1.0.0, )",
          "Vortice.Direct3D12": "[3.5.0, )",
          "Vortice.Dxc": "[3.3.4, )"
        }
      },
      "Silk.NET.SPIRV.Cross.Native": {
        "type": "CentralTransitive",
        "requested": "[2.23.0, )",
        "resolved": "2.23.0",
        "contentHash": "pY4LmIE8nYXkfCgExxksYlnYZZ4D3/AW13XNcpyp0jJDTkCpDsXL0nLOX7CM7tPS6xvkiERRd+Do2zegbl7Xtw=="
      },
      "Vortice.Direct3D12": {
        "type": "CentralTransitive",
        "requested": "[3.5.0, )",
        "resolved": "3.5.0",
        "contentHash": "/gZ5AAVxz9wX/IiO0jubuuCa1lfXxyumCDlcdDiRkweMDRzPghU0Om4RjN339jJ0H2UJJNRh8YmzTi3qqAYDvQ==",
        "dependencies": {
          "SharpGen.Runtime": "2.1.2-beta",
          "Vortice.DXGI": "3.5.0"
        }
      },
      "Vortice.Dxc": {
        "type": "CentralTransitive",
        "requested": "[3.3.4, )",
        "resolved": "3.3.4",
        "contentHash": "Q+JJzn96ZKaLQFEhLRFtWau0/KxORtREpP8FTRdKN0luIdrTZIARto7OESKpOGXl3idIGP/jH8YQIupNzaR5EQ==",
        "dependencies": {
          "SharpGen.Runtime": "2.1.2-beta",
          "SharpGen.Runtime.COM": "2.1.2-beta"
        }
      }
    }
  }
}