<Solution>
  <Folder Name="/src/">
    <Project Path="src/ShadowDusk.ShaderToy/ShadowDusk.ShaderToy.csproj" />
    <Project Path="src/ShadowDusk.ShaderToy.Cli/ShadowDusk.ShaderToy.Cli.csproj" />
  </Folder>
  <Folder Name="/tests/">
    <Project Path="tests/ShadowDusk.ShaderToy.Tests/ShadowDusk.ShaderToy.Tests.csproj" />
  </Folder>
</Solution>
