{
  "version": 1,
  "dependencies": {
    "net8.0": {
      "nkast.Kni.Platform.SDL2.GL": {
        "type": "Direct",
        "requested": "[4.2.9001.*, )",
        "resolved": "4.2.9001.1",
        "contentHash": "0QC1hkdJ32hO5k82LpON3beCguRJWwQyQchme6vwjkCLpVjsDMllbogJrESsR6tjNEYWfbPWUt49ss9iYAE9Tg==",
        "dependencies": {
          "nkast.Xna.Framework": "4.2.9001",
          "nkast.Xna.Framework.Audio": "4.2.9001",
          "nkast.Xna.Framework.Content": "4.2.9001",
          "nkast.Xna.Framework.Devices": "4.2.9001",
          "nkast.Xna.Framework.Game": "4.2.9001",
          "nkast.Xna.Framework.Graphics": "4.2.9001",
          "nkast.Xna.Framework.Input": "4.2.9001",
          "nkast.Xna.Framework.Media": "4.2.9001",
          "nkast.Xna.Framework.Storage": "4.2.9001",
          "nkast.Xna.Framework.XR": "4.2.9001"
        }
      },
      "nkast.Xna.Framework": {
        "type": "Direct",
        "requested": "[4.2.9001.*, )",
        "resolved": "4.2.9001",
        "contentHash": "HGW9WIYZ/+uwQvCZTdPKMmLWIdcTfDZ42LbYZpRwwOkL1SJRcD3/cL2PfhUffMDwqwz1BMFfMacOmd3sfJizYQ=="
      },
      "nkast.Xna.Framework.Audio": {
        "type": "Direct",
        "requested": "[4.2.9001.*, )",
        "resolved": "4.2.9001",
        "contentHash": "x5u9k1TGax9mP1kULqOGcHdNyydD4RlnAYq4VSeE3jN0aYDd7R0JDtHTWqfDTW5/oBmOCDE+3JdmP5LLDjgscg==",
        "dependencies": {
          "nkast.Xna.Framework": "4.2.9001",
          "nkast.Xna.Framework.Content": "4.2.9001"
        }
      },
      "nkast.Xna.Framework.Content": {
        "type": "Direct",
        "requested": "[4.2.9001.*, )",
        "resolved": "4.2.9001",
        "contentHash": "TszcUxzLTWmTzxNnrZUg8cXqBm7rN6utD8Z+MORtlF3eD9wRMmMe7FrxUdJfK7eIjwWbklR2oF9EzxufciwQWw==",
        "dependencies": {
          "nkast.Xna.Framework": "4.2.9001"
        }
      },
      "nkast.Xna.Framework.Game": {
        "type": "Direct",
        "requested": "[4.2.9001.*, )",
        "resolved": "4.2.9001",
        "contentHash": "pxTAElIsWyj4JX6sm/moYUHzyk8Md2sLgBSTUMYS7keQ1kxsWyHzyjcuT1cvOc42hMHIRY+8sKCuiZhoFwFSNQ==",
        "dependencies": {
          "nkast.Xna.Framework": "4.2.9001",
          "nkast.Xna.Framework.Content": "4.2.9001",
          "nkast.Xna.Framework.Graphics": "4.2.9001",
          "nkast.Xna.Framework.Input": "4.2.9001"
        }
      },
      "nkast.Xna.Framework.Graphics": {
        "type": "Direct",
        "requested": "[4.2.9001.*, )",
        "resolved": "4.2.9001",
        "contentHash": "qMEnoyff3DfGkHbvFdLsZvK8rFYrHT+lds3wjUIKL5jpvPoJQeOdkLqJzSjykhb/mGpFs7XRmCYKDTC5r56s3A==",
        "dependencies": {
          "nkast.Xna.Framework": "4.2.9001",
          "nkast.Xna.Framework.Content": "4.2.9001"
        }
      },
      "nkast.Xna.Framework.Input": {
        "type": "Direct",
        "requested": "[4.2.9001.*, )",
        "resolved": "4.2.9001",
        "contentHash": "HbCgGt14uAvkEnvKlBvxpzqg1YteFYV7epjolzVT1cMZsSGJ3uOlUjiAyLFcWxPIuy1YmFvX8TsaJ3bliavjTg==",
        "dependencies": {
          "nkast.Xna.Framework": "4.2.9001",
          "nkast.Xna.Framework.Graphics": "4.2.9001"
        }
      },
      "nkast.Xna.Framework.Media": {
        "type": "Direct",
        "requested": "[4.2.9001.*, )",
        "resolved": "4.2.9001",
        "contentHash": "C/aSqkg/BAR3GKEQS6KjDlWBLyblI80QoNoAZD6jxsnYjbdk1JZyGsqOz8IRgQXXxl7ef8kQureegbwozwgC+A==",
        "dependencies": {
          "nkast.Xna.Framework": "4.2.9001",
          "nkast.Xna.Framework.Content": "4.2.9001",
          "nkast.Xna.Framework.Graphics": "4.2.9001"
        }
      },
      "nkast.Xna.Framework.Devices": {
        "type": "Transitive",
        "resolved": "4.2.9001",
        "contentHash": "VKufomeN2F8QVqrpBTN40ueo+CWmklFbhmmRfbNIpfnvdTypp8EaT0vKeS6e905jdYqdxnpfaBVhPZtt2rHmhw==",
        "dependencies": {
          "nkast.Xna.Framework": "4.2.9001"
        }
      },
      "nkast.Xna.Framework.Storage": {
        "type": "Transitive",
        "resolved": "4.2.9001",
        "contentHash": "UR0mXutoZBhOCeMuTgqP3GYFQalJ0fvZfB00b4ZZh4VaBUao8xrzJls0oJ1edKlnrn3kdIHZ5fni11D10Jag6g==",
        "dependencies": {
          "nkast.Xna.Framework": "4.2.9001"
        }
      },
      "nkast.Xna.Framework.XR": {
        "type": "Transitive",
        "resolved": "4.2.9001",
        "contentHash": "aoVka6yMsPzxP5NDLqfPbxY64nzACJiipqR6Xyi+vi43xcFG7XsVa1dSZqLkgHCXhhtkvOEuY47/bNqrejkrUQ==",
        "dependencies": {
          "nkast.Xna.Framework": "4.2.9001",
          "nkast.Xna.Framework.Game": "4.2.9001",
          "nkast.Xna.Framework.Graphics": "4.2.9001"
        }
      },
      "SharpGen.Runtime": {
        "type": "Transitive",
        "resolved": "2.1.2-beta",
        "contentHash": "nqZAjfEG1jX1ivvdZLsi6Pkt0DiOJyuOgRgldNFsmjXFPhxUbXQibofLSwuDZidL2kkmtTF8qLoRIeqeVdXgYw=="
      },
      "SharpGen.Runtime.COM": {
        "type": "Transitive",
        "resolved": "2.1.2-beta",
        "contentHash": "HBCrb6HfnUWx9v5/GjJeBr5DuodZLnHlFQQYXPrQs1Hbe1c6Wd0uCXf+SJp4hW8fQNxjXEu0FgiyHGlA/SRzRw==",
        "dependencies": {
          "SharpGen.Runtime": "2.1.2-beta"
        }
      },
      "Silk.NET.SPIRV.Cross.Native": {
        "type": "Transitive",
        "resolved": "2.23.0",
        "contentHash": "pY4LmIE8nYXkfCgExxksYlnYZZ4D3/AW13XNcpyp0jJDTkCpDsXL0nLOX7CM7tPS6xvkiERRd+Do2zegbl7Xtw=="
      },
      "Vortice.D3DCompiler": {
        "type": "Transitive",
        "resolved": "3.3.4",
        "contentHash": "G0yAN1us091ulIzPfMVJeJf8JX3Tu/Wu0l4zip4HPLfVUWWxsBJF0eaEdwSPrUyz97LEG6zjHruL4sZoNRBHcA==",
        "dependencies": {
          "SharpGen.Runtime": "2.1.2-beta",
          "SharpGen.Runtime.COM": "2.1.2-beta",
          "Vortice.DirectX": "3.3.4",
          "Vortice.Mathematics": "1.7.2"
        }
      },
      "Vortice.Direct3D12": {
        "type": "Transitive",
        "resolved": "3.5.0",
        "contentHash": "/gZ5AAVxz9wX/IiO0jubuuCa1lfXxyumCDlcdDiRkweMDRzPghU0Om4RjN339jJ0H2UJJNRh8YmzTi3qqAYDvQ==",
        "dependencies": {
          "SharpGen.Runtime": "2.1.2-beta",
          "Vortice.DXGI": "3.5.0"
        }
      },
      "Vortice.DirectX": {
        "type": "Transitive",
        "resolved": "3.5.0",
        "contentHash": "LwyojEqRCaYgMoEqKsLnHWJ85wM237wFzZy/w57kvQPDsEd+zcqdwDYswOCEdizcLtDBzX/Xt4bbUPgFi8Kp4w==",
        "dependencies": {
          "SharpGen.Runtime": "2.1.2-beta",
          "SharpGen.Runtime.COM": "2.1.2-beta",
          "Vortice.Mathematics": "1.7.8"
        }
      },
      "Vortice.Dxc": {
        "type": "Transitive",
        "resolved": "3.3.4",
        "contentHash": "Q+JJzn96ZKaLQFEhLRFtWau0/KxORtREpP8FTRdKN0luIdrTZIARto7OESKpOGXl3idIGP/jH8YQIupNzaR5EQ==",
        "dependencies": {
          "SharpGen.Runtime": "2.1.2-beta",
          "SharpGen.Runtime.COM": "2.1.2-beta"
        }
      },
      "Vortice.DXGI": {
        "type": "Transitive",
        "resolved": "3.5.0",
        "contentHash": "W1dHY13DbitLJDVAAD8+YiGddqzBP1m3wN3pfEmxYrrE+dGEV/31aaw8EV74GXYnJQZ2vWJCnc7LCFPR2YkBnw==",
        "dependencies": {
          "SharpGen.Runtime": "2.1.2-beta",
          "Vortice.DirectX": "3.5.0"
        }
      },
      "Vortice.Mathematics": {
        "type": "Transitive",
        "resolved": "1.7.8",
        "contentHash": "hpVlfej54yC6Qaq9AYXWgTgF8SDz2dtKbDNZGO8msjn3NjdkUBnFcIzYfOWyvwvpr3aqZPKh4WSSnJ78GxyIWg=="
      },
      "shadowdusk.compiler": {
        "type": "Project",
        "dependencies": {
          "ShadowDusk.Core": "[0.6.0, )",
          "ShadowDusk.GLSL": "[0.6.0, )",
          "ShadowDusk.HLSL": "[0.6.0, )"
        }
      },
      "shadowdusk.core": {
        "type": "Project"
      },
      "shadowdusk.glsl": {
        "type": "Project",
        "dependencies": {
          "ShadowDusk.Core": "[0.6.0, )",
          "Silk.NET.SPIRV.Cross.Native": "[2.23.0, )"
        }
      },
      "shadowdusk.hlsl": {
        "type": "Project",
        "dependencies": {
          "ShadowDusk.Core": "[0.6.0, )",
          "Vortice.D3DCompiler": "[3.3.4, )",
          "Vortice.Direct3D12": "[3.5.0, )",
          "Vortice.Dxc": "[3.3.4, )"
        }
      }
    }
  }
}