{
  "version": 2,
  "dependencies": {
    "net10.0": {
      "coverlet.collector": {
        "type": "Direct",
        "requested": "[10.0.1, )",
        "resolved": "10.0.1",
        "contentHash": "27jXSV/0DbVqF5jDrAxuQFZ9oaz6gmG03p8ttxAFk+X0M4woFYj7MoWDLCna5EGLb0CE6OE7X6ZH3Wt5smTtaA=="
      },
      "Microsoft.NET.Test.Sdk": {
        "type": "Direct",
        "requested": "[18.8.1, )",
        "resolved": "18.8.1",
        "contentHash": "dknJL3/9Y3t4XuCBqnc0PevPxgLsUMmVhjwup/b1HNovA8zWcj3XsfIf7c6p05363DWcqL7X/YhDL9B+Zymv1w==",
        "dependencies": {
          "Microsoft.CodeCoverage": "18.8.1",
          "Microsoft.TestPlatform.TestHost": "18.8.1"
        }
      },
      "MonoGame.Framework.Content.Pipeline": {
        "type": "Direct",
        "requested": "[3.8.2.1105, )",
        "resolved": "3.8.2.1105",
        "contentHash": "7b91DZY50A2Y/sjnkT+swagBs69D1SP5tf9MGfegWmfijpOm7sOUBzd9OPb47n/jKlcu5EVeAwm+7AS9W49yOQ==",
        "dependencies": {
          "AssimpNet": "4.1.0",
          "Microsoft.NETCore.App": "2.1.30",
          "SharpDX": "4.0.1",
          "SharpDX.D3DCompiler": "4.0.1"
        }
      },
      "MonoGame.Framework.DesktopGL": {
        "type": "Direct",
        "requested": "[3.8.2.1105, )",
        "resolved": "3.8.2.1105",
        "contentHash": "QwjhmpyMZ9js4zqoYN/0cz//nYZ1u5yB8KWJ1P7nbViqfUyzuFDvGqgUEXFLp+n0Rx4z9PuKfwL5nQpp9LrXhg==",
        "dependencies": {
          "MonoGame.Library.SDL": "2.26.5.5",
          "NVorbis": "0.10.4"
        }
      },
      "Shouldly": {
        "type": "Direct",
        "requested": "[4.3.0, )",
        "resolved": "4.3.0",
        "contentHash": "sDetrWXrl6YXZ4HeLsdBoNk3uIa7K+V4uvIJ+cqdRa5DrFxeTED7VkjoxCuU1kJWpUuBDZz2QXFzSxBtVXLwRQ==",
        "dependencies": {
          "DiffEngine": "11.3.0",
          "EmptyFiles": "4.4.0"
        }
      },
      "xunit": {
        "type": "Direct",
        "requested": "[2.9.3, )",
        "resolved": "2.9.3",
        "contentHash": "TlXQBinK35LpOPKHAqbLY4xlEen9TBafjs0V5KnA4wZsoQLQJiirCR4CbIXvOH8NzkW4YeJKP5P/Bnrodm0h9Q==",
        "dependencies": {
          "xunit.analyzers": "1.18.0",
          "xunit.assert": "2.9.3",
          "xunit.core": "[2.9.3]"
        }
      },
      "xunit.runner.visualstudio": {
        "type": "Direct",
        "requested": "[3.1.5, )",
        "resolved": "3.1.5",
        "contentHash": "tKi7dSTwP4m5m9eXPM2Ime4Kn7xNf4x4zT9sdLO/G4hZVnQCRiMTWoSZqI/pYTVeI27oPPqHBKYI/DjJ9GsYgA=="
      },
      "AssimpNet": {
        "type": "Transitive",
        "resolved": "4.1.0",
        "contentHash": "z/4Tmf3Q2r1+vN6o/szArEZvPsdYNRYiS0L/yArybQd7n7KCiS9L4lRZhwwlHJb/edECM+Jky0XisVspr5aQWQ==",
        "dependencies": {
          "NETStandard.Library": "1.6.1"
        }
      },
      "DiffEngine": {
        "type": "Transitive",
        "resolved": "11.3.0",
        "contentHash": "k0ZgZqd09jLZQjR8FyQbSQE86Q7QZnjEzq1LPHtj1R2AoWO8sjV5x+jlSisL7NZAbUOI4y+7Bog8gkr9WIRBGw==",
        "dependencies": {
          "EmptyFiles": "4.4.0",
          "System.Management": "6.0.1"
        }
      },
      "EmptyFiles": {
        "type": "Transitive",
        "resolved": "4.4.0",
        "contentHash": "gwJEfIGS7FhykvtZoscwXj/XwW+mJY6UbAZk+qtLKFUGWC95kfKXnj8VkxsZQnWBxJemM/q664rGLN5nf+OHZw=="
      },
      "Microsoft.CodeCoverage": {
        "type": "Transitive",
        "resolved": "18.8.1",
        "contentHash": "Eclse/ZZjr4lmWzZFNN9h/OluhKL+SK/QbUyKUewgX139aGeyMEO/DkMPwuFs2MixvanTnz6891rF8UHDg+W4Q=="
      },
      "Microsoft.NETCore.App": {
        "type": "Transitive",
        "resolved": "2.1.30",
        "contentHash": "Hs73dGereVEUeE0f9nGgNrTgESyhm/41pQ3gIW7P/Bwv8yBJwsw8T0Yb40uessXNU6HcfZstudf70+yaHHK/sw==",
        "dependencies": {
          "Microsoft.NETCore.DotNetHostPolicy": "2.1.30",
          "Microsoft.NETCore.Platforms": "2.1.14",
          "Microsoft.NETCore.Targets": "2.0.0",
          "NETStandard.Library": "2.0.3"
        }
      },
      "Microsoft.NETCore.DotNetAppHost": {
        "type": "Transitive",
        "resolved": "2.1.30",
        "contentHash": "rbRBSaCEWZfVMVum2OulEELLjFWmiLmJIxeuODOUPgMuDXses4OOc/iQUf8qzNpWCRVGlYXQ0eV1m4Ic1RfVCA=="
      },
      "Microsoft.NETCore.DotNetHostPolicy": {
        "type": "Transitive",
        "resolved": "2.1.30",
        "contentHash": "0NCIUV9mlKQeIKnX6UzVvPAFFlqJKxLXmrk3/X7sMSNuX/9JpxleICmkTsHGdDQSoLiUz087pN6UvQinu3btzA==",
        "dependencies": {
          "Microsoft.NETCore.DotNetHostResolver": "2.1.30"
        }
      },
      "Microsoft.NETCore.DotNetHostResolver": {
        "type": "Transitive",
        "resolved": "2.1.30",
        "contentHash": "4kf9/unrbokd9+gsM6pU/eoHfz9yhGXU2pTSDWLQzhYHfOZuBjT0Ky+GVQzy4AOkxX5hw+lVLYsDXpFgCCZroQ==",
        "dependencies": {
          "Microsoft.NETCore.DotNetAppHost": "2.1.30"
        }
      },
      "Microsoft.NETCore.Platforms": {
        "type": "Transitive",
        "resolved": "2.1.14",
        "contentHash": "NIgzPaYG5IW3uX6trg+no4Z9oOaoeIR4QlvPeiA3P+dgozN/cS1XwyTnIrZmiGZ9GrvcD2ad01O4UiED6hogpw=="
      },
      "Microsoft.NETCore.Targets": {
        "type": "Transitive",
        "resolved": "2.0.0",
        "contentHash": "odP/tJj1z6GylFpNo7pMtbd/xQgTC3Ex2If63dRTL38bBNMwsBnJ+RceUIyHdRBC0oik/3NehYT+oECwBhIM3Q=="
      },
      "Microsoft.TestPlatform.ObjectModel": {
        "type": "Transitive",
        "resolved": "18.8.1",
        "contentHash": "qLbktNB1+b1XZLNJBTzaWVVJAd6PEzD7cgD406geMb6PcFZhp3EDNa1tctWx1+mtMU6MP/6ozVvFPC9vs2a9rw=="
      },
      "Microsoft.TestPlatform.TestHost": {
        "type": "Transitive",
        "resolved": "18.8.1",
        "contentHash": "FaQHPDTUOcE+SFTjssNPfrub2lT9Zyon4J2W/KLHt/efLJACb1TCeWXyOgh0D/4Q1e4n+S3E6mOKud+9nLZlEA==",
        "dependencies": {
          "Microsoft.TestPlatform.ObjectModel": "18.8.1"
        }
      },
      "MonoGame.Library.SDL": {
        "type": "Transitive",
        "resolved": "2.26.5.5",
        "contentHash": "wSbYCCLeT3p3GZtU8GaYA5+XTjt4kM01yIvik3qm3sjU53jf/w0Pp0GBvOTCHgKxEGwb/IinHIASMcLuVnmgCA=="
      },
      "NETStandard.Library": {
        "type": "Transitive",
        "resolved": "2.0.3",
        "contentHash": "st47PosZSHrjECdjeIzZQbzivYBJFv6P2nv4cj2ypdI204DO+vZ7l5raGMiX4eXMJ53RfOIg+/s4DHVZ54Nu2A==",
        "dependencies": {
          "Microsoft.NETCore.Platforms": "1.1.0"
        }
      },
      "NVorbis": {
        "type": "Transitive",
        "resolved": "0.10.4",
        "contentHash": "WYnil3DhQHzjCY0dM9I2B3r1vWip90AOuQd25KE4NrjPQBg0tBJFluRLm5YPnO5ZLDmwrfosY8jCQGQRmWI/Pg=="
      },
      "SharpDX": {
        "type": "Transitive",
        "resolved": "4.0.1",
        "contentHash": "8YA1VFg1/K8Emb8FEZDobojcv1BLuppVo7CRJQEgA1V748VIMPBru0i0OnsCjLSThzTn7juOvH85qjFL9Grl1w==",
        "dependencies": {
          "Microsoft.NETCore.App": "1.0.5"
        }
      },
      "SharpDX.D3DCompiler": {
        "type": "Transitive",
        "resolved": "4.0.1",
        "contentHash": "D3OzwToJ8j8dDOeJxUGUxJFwSnTQ89jJejSQkhuIsaBGh8Wd8DhQzmcsKzQaoLnzLBECS1Y37y9bGQaw3CnhxA==",
        "dependencies": {
          "Microsoft.NETCore.App": "1.0.5",
          "SharpDX": "4.0.1"
        }
      },
      "SharpGen.Runtime": {
        "type": "Transitive",
        "resolved": "2.1.2-beta",
        "contentHash": "nqZAjfEG1jX1ivvdZLsi6Pkt0DiOJyuOgRgldNFsmjXFPhxUbXQibofLSwuDZidL2kkmtTF8qLoRIeqeVdXgYw=="
      },
      "SharpGen.Runtime.COM": {
        "type": "Transitive",
        "resolved": "2.1.2-beta",
        "contentHash": "HBCrb6HfnUWx9v5/GjJeBr5DuodZLnHlFQQYXPrQs1Hbe1c6Wd0uCXf+SJp4hW8fQNxjXEu0FgiyHGlA/SRzRw==",
        "dependencies": {
          "SharpGen.Runtime": "2.1.2-beta"
        }
      },
      "System.CodeDom": {
        "type": "Transitive",
        "resolved": "6.0.0",
        "contentHash": "CPc6tWO1LAer3IzfZufDBRL+UZQcj5uS207NHALQzP84Vp/z6wF0Aa0YZImOQY8iStY0A2zI/e3ihKNPfUm8XA=="
      },
      "System.Management": {
        "type": "Transitive",
        "resolved": "6.0.1",
        "contentHash": "10J1D0h/lioojphfJ4Fuh5ZUThT/xOVHdV9roGBittKKNP2PMjrvibEdbVTGZcPra1399Ja3tqIJLyQrc5Wmhg==",
        "dependencies": {
          "System.CodeDom": "6.0.0"
        }
      },
      "Vortice.DirectX": {
        "type": "Transitive",
        "resolved": "3.5.0",
        "contentHash": "LwyojEqRCaYgMoEqKsLnHWJ85wM237wFzZy/w57kvQPDsEd+zcqdwDYswOCEdizcLtDBzX/Xt4bbUPgFi8Kp4w==",
        "dependencies": {
          "SharpGen.Runtime": "2.1.2-beta",
          "SharpGen.Runtime.COM": "2.1.2-beta",
          "Vortice.Mathematics": "1.7.8"
        }
      },
      "Vortice.DXGI": {
        "type": "Transitive",
        "resolved": "3.5.0",
        "contentHash": "W1dHY13DbitLJDVAAD8+YiGddqzBP1m3wN3pfEmxYrrE+dGEV/31aaw8EV74GXYnJQZ2vWJCnc7LCFPR2YkBnw==",
        "dependencies": {
          "SharpGen.Runtime": "2.1.2-beta",
          "Vortice.DirectX": "3.5.0"
        }
      },
      "Vortice.Mathematics": {
        "type": "Transitive",
        "resolved": "1.7.8",
        "contentHash": "hpVlfej54yC6Qaq9AYXWgTgF8SDz2dtKbDNZGO8msjn3NjdkUBnFcIzYfOWyvwvpr3aqZPKh4WSSnJ78GxyIWg=="
      },
      "xunit.abstractions": {
        "type": "Transitive",
        "resolved": "2.0.3",
        "contentHash": "pot1I4YOxlWjIb5jmwvvQNbTrZ3lJQ+jUGkGjWE3hEFM0l5gOnBWS+H3qsex68s5cO52g+44vpGzhAt+42vwKg=="
      },
      "xunit.analyzers": {
        "type": "Transitive",
        "resolved": "1.18.0",
        "contentHash": "OtFMHN8yqIcYP9wcVIgJrq01AfTxijjAqVDy/WeQVSyrDC1RzBWeQPztL49DN2syXRah8TYnfvk035s7L95EZQ=="
      },
      "xunit.assert": {
        "type": "Transitive",
        "resolved": "2.9.3",
        "contentHash": "/Kq28fCE7MjOV42YLVRAJzRF0WmEqsmflm0cfpMjGtzQ2lR5mYVj1/i0Y8uDAOLczkL3/jArrwehfMD0YogMAA=="
      },
      "xunit.core": {
        "type": "Transitive",
        "resolved": "2.9.3",
        "contentHash": "BiAEvqGvyme19wE0wTKdADH+NloYqikiU0mcnmiNyXaF9HyHmE6sr/3DC5vnBkgsWaE6yPyWszKSPSApWdRVeQ==",
        "dependencies": {
          "xunit.extensibility.core": "[2.9.3]",
          "xunit.extensibility.execution": "[2.9.3]"
        }
      },
      "xunit.extensibility.core": {
        "type": "Transitive",
        "resolved": "2.9.3",
        "contentHash": "kf3si0YTn2a8J8eZNb+zFpwfoyvIrQ7ivNk5ZYA5yuYk1bEtMe4DxJ2CF/qsRgmEnDr7MnW1mxylBaHTZ4qErA==",
        "dependencies": {
          "xunit.abstractions": "2.0.3"
        }
      },
      "xunit.extensibility.execution": {
        "type": "Transitive",
        "resolved": "2.9.3",
        "contentHash": "yMb6vMESlSrE3Wfj7V6cjQ3S4TXdXpRqYeNEI3zsX31uTsGMJjEw6oD5F5u1cHnMptjhEECnmZSsPxB6ChZHDQ==",
        "dependencies": {
          "xunit.extensibility.core": "[2.9.3]"
        }
      },
      "shadowdusk.compiler": {
        "type": "Project",
        "dependencies": {
          "ShadowDusk.Core": "[0.16.0, )",
          "ShadowDusk.GLSL": "[0.16.0, )",
          "ShadowDusk.HLSL": "[0.16.0, )"
        }
      },
      "shadowdusk.core": {
        "type": "Project"
      },
      "shadowdusk.glsl": {
        "type": "Project",
        "dependencies": {
          "ShadowDusk.Core": "[0.16.0, )",
          "Silk.NET.SPIRV.Cross.Native": "[2.23.0, )"
        }
      },
      "shadowdusk.hlsl": {
        "type": "Project",
        "dependencies": {
          "ShadowDusk.Core": "[0.16.0, )",
          "Vortice.D3DCompiler": "[3.3.4, )",
          "Vortice.Direct3D12": "[3.5.0, )",
          "Vortice.Dxc": "[3.3.4, )"
        }
      },
      "shadowdusk.mgcbplugin": {
        "type": "Project",
        "dependencies": {
          "ShadowDusk.Compiler": "[0.16.0, )"
        }
      },
      "shadowdusk.shadertoy": {
        "type": "Project"
      },
      "Silk.NET.SPIRV.Cross.Native": {
        "type": "CentralTransitive",
        "requested": "[2.23.0, )",
        "resolved": "2.23.0",
        "contentHash": "pY4LmIE8nYXkfCgExxksYlnYZZ4D3/AW13XNcpyp0jJDTkCpDsXL0nLOX7CM7tPS6xvkiERRd+Do2zegbl7Xtw=="
      },
      "Vortice.D3DCompiler": {
        "type": "CentralTransitive",
        "requested": "[3.3.4, )",
        "resolved": "3.3.4",
        "contentHash": "G0yAN1us091ulIzPfMVJeJf8JX3Tu/Wu0l4zip4HPLfVUWWxsBJF0eaEdwSPrUyz97LEG6zjHruL4sZoNRBHcA==",
        "dependencies": {
          "SharpGen.Runtime": "2.1.2-beta",
          "SharpGen.Runtime.COM": "2.1.2-beta",
          "Vortice.DirectX": "3.3.4",
          "Vortice.Mathematics": "1.7.2"
        }
      },
      "Vortice.Direct3D12": {
        "type": "CentralTransitive",
        "requested": "[3.5.0, )",
        "resolved": "3.5.0",
        "contentHash": "/gZ5AAVxz9wX/IiO0jubuuCa1lfXxyumCDlcdDiRkweMDRzPghU0Om4RjN339jJ0H2UJJNRh8YmzTi3qqAYDvQ==",
        "dependencies": {
          "SharpGen.Runtime": "2.1.2-beta",
          "Vortice.DXGI": "3.5.0"
        }
      },
      "Vortice.Dxc": {
        "type": "CentralTransitive",
        "requested": "[3.3.4, )",
        "resolved": "3.3.4",
        "contentHash": "Q+JJzn96ZKaLQFEhLRFtWau0/KxORtREpP8FTRdKN0luIdrTZIARto7OESKpOGXl3idIGP/jH8YQIupNzaR5EQ==",
        "dependencies": {
          "SharpGen.Runtime": "2.1.2-beta",
          "SharpGen.Runtime.COM": "2.1.2-beta"
        }
      }
    },
    "net8.0": {
      "coverlet.collector": {
        "type": "Direct",
        "requested": "[10.0.1, )",
        "resolved": "10.0.1",
        "contentHash": "27jXSV/0DbVqF5jDrAxuQFZ9oaz6gmG03p8ttxAFk+X0M4woFYj7MoWDLCna5EGLb0CE6OE7X6ZH3Wt5smTtaA=="
      },
      "Microsoft.NET.Test.Sdk": {
        "type": "Direct",
        "requested": "[18.8.1, )",
        "resolved": "18.8.1",
        "contentHash": "dknJL3/9Y3t4XuCBqnc0PevPxgLsUMmVhjwup/b1HNovA8zWcj3XsfIf7c6p05363DWcqL7X/YhDL9B+Zymv1w==",
        "dependencies": {
          "Microsoft.CodeCoverage": "18.8.1",
          "Microsoft.TestPlatform.TestHost": "18.8.1"
        }
      },
      "MonoGame.Framework.Content.Pipeline": {
        "type": "Direct",
        "requested": "[3.8.2.1105, )",
        "resolved": "3.8.2.1105",
        "contentHash": "7b91DZY50A2Y/sjnkT+swagBs69D1SP5tf9MGfegWmfijpOm7sOUBzd9OPb47n/jKlcu5EVeAwm+7AS9W49yOQ==",
        "dependencies": {
          "AssimpNet": "4.1.0",
          "Microsoft.NETCore.App": "2.1.30",
          "SharpDX": "4.0.1",
          "SharpDX.D3DCompiler": "4.0.1"
        }
      },
      "MonoGame.Framework.DesktopGL": {
        "type": "Direct",
        "requested": "[3.8.2.1105, )",
        "resolved": "3.8.2.1105",
        "contentHash": "QwjhmpyMZ9js4zqoYN/0cz//nYZ1u5yB8KWJ1P7nbViqfUyzuFDvGqgUEXFLp+n0Rx4z9PuKfwL5nQpp9LrXhg==",
        "dependencies": {
          "MonoGame.Library.SDL": "2.26.5.5",
          "NVorbis": "0.10.4"
        }
      },
      "Shouldly": {
        "type": "Direct",
        "requested": "[4.3.0, )",
        "resolved": "4.3.0",
        "contentHash": "sDetrWXrl6YXZ4HeLsdBoNk3uIa7K+V4uvIJ+cqdRa5DrFxeTED7VkjoxCuU1kJWpUuBDZz2QXFzSxBtVXLwRQ==",
        "dependencies": {
          "DiffEngine": "11.3.0",
          "EmptyFiles": "4.4.0"
        }
      },
      "xunit": {
        "type": "Direct",
        "requested": "[2.9.3, )",
        "resolved": "2.9.3",
        "contentHash": "TlXQBinK35LpOPKHAqbLY4xlEen9TBafjs0V5KnA4wZsoQLQJiirCR4CbIXvOH8NzkW4YeJKP5P/Bnrodm0h9Q==",
        "dependencies": {
          "xunit.analyzers": "1.18.0",
          "xunit.assert": "2.9.3",
          "xunit.core": "[2.9.3]"
        }
      },
      "xunit.runner.visualstudio": {
        "type": "Direct",
        "requested": "[3.1.5, )",
        "resolved": "3.1.5",
        "contentHash": "tKi7dSTwP4m5m9eXPM2Ime4Kn7xNf4x4zT9sdLO/G4hZVnQCRiMTWoSZqI/pYTVeI27oPPqHBKYI/DjJ9GsYgA=="
      },
      "AssimpNet": {
        "type": "Transitive",
        "resolved": "4.1.0",
        "contentHash": "z/4Tmf3Q2r1+vN6o/szArEZvPsdYNRYiS0L/yArybQd7n7KCiS9L4lRZhwwlHJb/edECM+Jky0XisVspr5aQWQ==",
        "dependencies": {
          "NETStandard.Library": "1.6.1"
        }
      },
      "DiffEngine": {
        "type": "Transitive",
        "resolved": "11.3.0",
        "contentHash": "k0ZgZqd09jLZQjR8FyQbSQE86Q7QZnjEzq1LPHtj1R2AoWO8sjV5x+jlSisL7NZAbUOI4y+7Bog8gkr9WIRBGw==",
        "dependencies": {
          "EmptyFiles": "4.4.0",
          "System.Management": "6.0.1"
        }
      },
      "EmptyFiles": {
        "type": "Transitive",
        "resolved": "4.4.0",
        "contentHash": "gwJEfIGS7FhykvtZoscwXj/XwW+mJY6UbAZk+qtLKFUGWC95kfKXnj8VkxsZQnWBxJemM/q664rGLN5nf+OHZw=="
      },
      "Microsoft.CodeCoverage": {
        "type": "Transitive",
        "resolved": "18.8.1",
        "contentHash": "Eclse/ZZjr4lmWzZFNN9h/OluhKL+SK/QbUyKUewgX139aGeyMEO/DkMPwuFs2MixvanTnz6891rF8UHDg+W4Q=="
      },
      "Microsoft.NETCore.App": {
        "type": "Transitive",
        "resolved": "2.1.30",
        "contentHash": "Hs73dGereVEUeE0f9nGgNrTgESyhm/41pQ3gIW7P/Bwv8yBJwsw8T0Yb40uessXNU6HcfZstudf70+yaHHK/sw==",
        "dependencies": {
          "Microsoft.NETCore.DotNetHostPolicy": "2.1.30",
          "Microsoft.NETCore.Platforms": "2.1.14",
          "Microsoft.NETCore.Targets": "2.0.0",
          "NETStandard.Library": "2.0.3"
        }
      },
      "Microsoft.NETCore.DotNetAppHost": {
        "type": "Transitive",
        "resolved": "2.1.30",
        "contentHash": "rbRBSaCEWZfVMVum2OulEELLjFWmiLmJIxeuODOUPgMuDXses4OOc/iQUf8qzNpWCRVGlYXQ0eV1m4Ic1RfVCA=="
      },
      "Microsoft.NETCore.DotNetHostPolicy": {
        "type": "Transitive",
        "resolved": "2.1.30",
        "contentHash": "0NCIUV9mlKQeIKnX6UzVvPAFFlqJKxLXmrk3/X7sMSNuX/9JpxleICmkTsHGdDQSoLiUz087pN6UvQinu3btzA==",
        "dependencies": {
          "Microsoft.NETCore.DotNetHostResolver": "2.1.30"
        }
      },
      "Microsoft.NETCore.DotNetHostResolver": {
        "type": "Transitive",
        "resolved": "2.1.30",
        "contentHash": "4kf9/unrbokd9+gsM6pU/eoHfz9yhGXU2pTSDWLQzhYHfOZuBjT0Ky+GVQzy4AOkxX5hw+lVLYsDXpFgCCZroQ==",
        "dependencies": {
          "Microsoft.NETCore.DotNetAppHost": "2.1.30"
        }
      },
      "Microsoft.NETCore.Platforms": {
        "type": "Transitive",
        "resolved": "2.1.14",
        "contentHash": "NIgzPaYG5IW3uX6trg+no4Z9oOaoeIR4QlvPeiA3P+dgozN/cS1XwyTnIrZmiGZ9GrvcD2ad01O4UiED6hogpw=="
      },
      "Microsoft.NETCore.Targets": {
        "type": "Transitive",
        "resolved": "2.0.0",
        "contentHash": "odP/tJj1z6GylFpNo7pMtbd/xQgTC3Ex2If63dRTL38bBNMwsBnJ+RceUIyHdRBC0oik/3NehYT+oECwBhIM3Q=="
      },
      "Microsoft.TestPlatform.ObjectModel": {
        "type": "Transitive",
        "resolved": "18.8.1",
        "contentHash": "qLbktNB1+b1XZLNJBTzaWVVJAd6PEzD7cgD406geMb6PcFZhp3EDNa1tctWx1+mtMU6MP/6ozVvFPC9vs2a9rw=="
      },
      "Microsoft.TestPlatform.TestHost": {
        "type": "Transitive",
        "resolved": "18.8.1",
        "contentHash": "FaQHPDTUOcE+SFTjssNPfrub2lT9Zyon4J2W/KLHt/efLJACb1TCeWXyOgh0D/4Q1e4n+S3E6mOKud+9nLZlEA==",
        "dependencies": {
          "Microsoft.TestPlatform.ObjectModel": "18.8.1"
        }
      },
      "MonoGame.Library.SDL": {
        "type": "Transitive",
        "resolved": "2.26.5.5",
        "contentHash": "wSbYCCLeT3p3GZtU8GaYA5+XTjt4kM01yIvik3qm3sjU53jf/w0Pp0GBvOTCHgKxEGwb/IinHIASMcLuVnmgCA=="
      },
      "NETStandard.Library": {
        "type": "Transitive",
        "resolved": "2.0.3",
        "contentHash": "st47PosZSHrjECdjeIzZQbzivYBJFv6P2nv4cj2ypdI204DO+vZ7l5raGMiX4eXMJ53RfOIg+/s4DHVZ54Nu2A==",
        "dependencies": {
          "Microsoft.NETCore.Platforms": "1.1.0"
        }
      },
      "NVorbis": {
        "type": "Transitive",
        "resolved": "0.10.4",
        "contentHash": "WYnil3DhQHzjCY0dM9I2B3r1vWip90AOuQd25KE4NrjPQBg0tBJFluRLm5YPnO5ZLDmwrfosY8jCQGQRmWI/Pg=="
      },
      "SharpDX": {
        "type": "Transitive",
        "resolved": "4.0.1",
        "contentHash": "8YA1VFg1/K8Emb8FEZDobojcv1BLuppVo7CRJQEgA1V748VIMPBru0i0OnsCjLSThzTn7juOvH85qjFL9Grl1w==",
        "dependencies": {
          "Microsoft.NETCore.App": "1.0.5"
        }
      },
      "SharpDX.D3DCompiler": {
        "type": "Transitive",
        "resolved": "4.0.1",
        "contentHash": "D3OzwToJ8j8dDOeJxUGUxJFwSnTQ89jJejSQkhuIsaBGh8Wd8DhQzmcsKzQaoLnzLBECS1Y37y9bGQaw3CnhxA==",
        "dependencies": {
          "Microsoft.NETCore.App": "1.0.5",
          "SharpDX": "4.0.1"
        }
      },
      "SharpGen.Runtime": {
        "type": "Transitive",
        "resolved": "2.1.2-beta",
        "contentHash": "nqZAjfEG1jX1ivvdZLsi6Pkt0DiOJyuOgRgldNFsmjXFPhxUbXQibofLSwuDZidL2kkmtTF8qLoRIeqeVdXgYw=="
      },
      "SharpGen.Runtime.COM": {
        "type": "Transitive",
        "resolved": "2.1.2-beta",
        "contentHash": "HBCrb6HfnUWx9v5/GjJeBr5DuodZLnHlFQQYXPrQs1Hbe1c6Wd0uCXf+SJp4hW8fQNxjXEu0FgiyHGlA/SRzRw==",
        "dependencies": {
          "SharpGen.Runtime": "2.1.2-beta"
        }
      },
      "System.CodeDom": {
        "type": "Transitive",
        "resolved": "6.0.0",
        "contentHash": "CPc6tWO1LAer3IzfZufDBRL+UZQcj5uS207NHALQzP84Vp/z6wF0Aa0YZImOQY8iStY0A2zI/e3ihKNPfUm8XA=="
      },
      "System.Management": {
        "type": "Transitive",
        "resolved": "6.0.1",
        "contentHash": "10J1D0h/lioojphfJ4Fuh5ZUThT/xOVHdV9roGBittKKNP2PMjrvibEdbVTGZcPra1399Ja3tqIJLyQrc5Wmhg==",
        "dependencies": {
          "System.CodeDom": "6.0.0"
        }
      },
      "Vortice.DirectX": {
        "type": "Transitive",
        "resolved": "3.5.0",
        "contentHash": "LwyojEqRCaYgMoEqKsLnHWJ85wM237wFzZy/w57kvQPDsEd+zcqdwDYswOCEdizcLtDBzX/Xt4bbUPgFi8Kp4w==",
        "dependencies": {
          "SharpGen.Runtime": "2.1.2-beta",
          "SharpGen.Runtime.COM": "2.1.2-beta",
          "Vortice.Mathematics": "1.7.8"
        }
      },
      "Vortice.DXGI": {
        "type": "Transitive",
        "resolved": "3.5.0",
        "contentHash": "W1dHY13DbitLJDVAAD8+YiGddqzBP1m3wN3pfEmxYrrE+dGEV/31aaw8EV74GXYnJQZ2vWJCnc7LCFPR2YkBnw==",
        "dependencies": {
          "SharpGen.Runtime": "2.1.2-beta",
          "Vortice.DirectX": "3.5.0"
        }
      },
      "Vortice.Mathematics": {
        "type": "Transitive",
        "resolved": "1.7.8",
        "contentHash": "hpVlfej54yC6Qaq9AYXWgTgF8SDz2dtKbDNZGO8msjn3NjdkUBnFcIzYfOWyvwvpr3aqZPKh4WSSnJ78GxyIWg=="
      },
      "xunit.abstractions": {
        "type": "Transitive",
        "resolved": "2.0.3",
        "contentHash": "pot1I4YOxlWjIb5jmwvvQNbTrZ3lJQ+jUGkGjWE3hEFM0l5gOnBWS+H3qsex68s5cO52g+44vpGzhAt+42vwKg=="
      },
      "xunit.analyzers": {
        "type": "Transitive",
        "resolved": "1.18.0",
        "contentHash": "OtFMHN8yqIcYP9wcVIgJrq01AfTxijjAqVDy/WeQVSyrDC1RzBWeQPztL49DN2syXRah8TYnfvk035s7L95EZQ=="
      },
      "xunit.assert": {
        "type": "Transitive",
        "resolved": "2.9.3",
        "contentHash": "/Kq28fCE7MjOV42YLVRAJzRF0WmEqsmflm0cfpMjGtzQ2lR5mYVj1/i0Y8uDAOLczkL3/jArrwehfMD0YogMAA=="
      },
      "xunit.core": {
        "type": "Transitive",
        "resolved": "2.9.3",
        "contentHash": "BiAEvqGvyme19wE0wTKdADH+NloYqikiU0mcnmiNyXaF9HyHmE6sr/3DC5vnBkgsWaE6yPyWszKSPSApWdRVeQ==",
        "dependencies": {
          "xunit.extensibility.core": "[2.9.3]",
          "xunit.extensibility.execution": "[2.9.3]"
        }
      },
      "xunit.extensibility.core": {
        "type": "Transitive",
        "resolved": "2.9.3",
        "contentHash": "kf3si0YTn2a8J8eZNb+zFpwfoyvIrQ7ivNk5ZYA5yuYk1bEtMe4DxJ2CF/qsRgmEnDr7MnW1mxylBaHTZ4qErA==",
        "dependencies": {
          "xunit.abstractions": "2.0.3"
        }
      },
      "xunit.extensibility.execution": {
        "type": "Transitive",
        "resolved": "2.9.3",
        "contentHash": "yMb6vMESlSrE3Wfj7V6cjQ3S4TXdXpRqYeNEI3zsX31uTsGMJjEw6oD5F5u1cHnMptjhEECnmZSsPxB6ChZHDQ==",
        "dependencies": {
          "xunit.extensibility.core": "[2.9.3]"
        }
      },
      "shadowdusk.compiler": {
        "type": "Project",
        "dependencies": {
          "ShadowDusk.Core": "[0.16.0, )",
          "ShadowDusk.GLSL": "[0.16.0, )",
          "ShadowDusk.HLSL": "[0.16.0, )"
        }
      },
      "shadowdusk.core": {
        "type": "Project"
      },
      "shadowdusk.glsl": {
        "type": "Project",
        "dependencies": {
          "ShadowDusk.Core": "[0.16.0, )",
          "Silk.NET.SPIRV.Cross.Native": "[2.23.0, )"
        }
      },
      "shadowdusk.hlsl": {
        "type": "Project",
        "dependencies": {
          "ShadowDusk.Core": "[0.16.0, )",
          "Vortice.D3DCompiler": "[3.3.4, )",
          "Vortice.Direct3D12": "[3.5.0, )",
          "Vortice.Dxc": "[3.3.4, )"
        }
      },
      "shadowdusk.mgcbplugin": {
        "type": "Project",
        "dependencies": {
          "ShadowDusk.Compiler": "[0.16.0, )"
        }
      },
      "shadowdusk.shadertoy": {
        "type": "Project"
      },
      "Silk.NET.SPIRV.Cross.Native": {
        "type": "CentralTransitive",
        "requested": "[2.23.0, )",
        "resolved": "2.23.0",
        "contentHash": "pY4LmIE8nYXkfCgExxksYlnYZZ4D3/AW13XNcpyp0jJDTkCpDsXL0nLOX7CM7tPS6xvkiERRd+Do2zegbl7Xtw=="
      },
      "Vortice.D3DCompiler": {
        "type": "CentralTransitive",
        "requested": "[3.3.4, )",
        "resolved": "3.3.4",
        "contentHash": "G0yAN1us091ulIzPfMVJeJf8JX3Tu/Wu0l4zip4HPLfVUWWxsBJF0eaEdwSPrUyz97LEG6zjHruL4sZoNRBHcA==",
        "dependencies": {
          "SharpGen.Runtime": "2.1.2-beta",
          "SharpGen.Runtime.COM": "2.1.2-beta",
          "Vortice.DirectX": "3.3.4",
          "Vortice.Mathematics": "1.7.2"
        }
      },
      "Vortice.Direct3D12": {
        "type": "CentralTransitive",
        "requested": "[3.5.0, )",
        "resolved": "3.5.0",
        "contentHash": "/gZ5AAVxz9wX/IiO0jubuuCa1lfXxyumCDlcdDiRkweMDRzPghU0Om4RjN339jJ0H2UJJNRh8YmzTi3qqAYDvQ==",
        "dependencies": {
          "SharpGen.Runtime": "2.1.2-beta",
          "Vortice.DXGI": "3.5.0"
        }
      },
      "Vortice.Dxc": {
        "type": "CentralTransitive",
        "requested": "[3.3.4, )",
        "resolved": "3.3.4",
        "contentHash": "Q+JJzn96ZKaLQFEhLRFtWau0/KxORtREpP8FTRdKN0luIdrTZIARto7OESKpOGXl3idIGP/jH8YQIupNzaR5EQ==",
        "dependencies": {
          "SharpGen.Runtime": "2.1.2-beta",
          "SharpGen.Runtime.COM": "2.1.2-beta"
        }
      }
    }
  }
}