{
  "version": 1,
  "dependencies": {
    "net8.0": {
      "Apos.Shapes": {
        "type": "Direct",
        "requested": "[0.7.7, )",
        "resolved": "0.7.7",
        "contentHash": "Bipf9dw33P7xmJZ6n6WW0xAioh4+HweLgIA2BgpWI9KlwNcgGlkHbCOHqVs0oozPxDdhxiaI9daUaV6DwUYJ/g==",
        "dependencies": {
          "FontStashSharp.MonoGame": "1.5.2",
          "MonoGame.Extended": "5.3.1"
        }
      },
      "MonoGame.Framework.Native": {
        "type": "Direct",
        "requested": "[3.8.5, )",
        "resolved": "3.8.5",
        "contentHash": "fobFZ8nfhCmt98HD0FNX+nP1IOoJ2N/Zk/JHY6148i4CEpIThv+OJeiR8W+zba+Xz5NkPC2pmWHRum0jN37boQ=="
      },
      "MonoGame.Runtime.Windows.Vulkan": {
        "type": "Direct",
        "requested": "[3.8.5, )",
        "resolved": "3.8.5",
        "contentHash": "YZnBW6w0bVTZfMPJ1WljajLWS6OVS6T8ohw0VWpcyNr90bR+sHkVFIoRGkglVP8HlaDb+5B07U1E/sywo4GcWg=="
      },
      "Cyotek.Drawing.BitmapFont": {
        "type": "Transitive",
        "resolved": "2.0.4",
        "contentHash": "iA6WehGVdMUuNbfsQQDq/Bt+mMd/OqHjiMUtKFLIQd/0pyYh4ehT7FEjTxN9/4OXNKQZsp9bAJgltP2nnswUJg=="
      },
      "FontStashSharp.Base": {
        "type": "Transitive",
        "resolved": "1.2.2",
        "contentHash": "t2PT+/Sat9WPLm4AVYU1Aa/PrOgNQ4npSUGDHTYufXzLUHxrN3+BaRhAU0DZXkJNfuGCS5iKaQNopNXe9ES24g=="
      },
      "FontStashSharp.MonoGame": {
        "type": "Transitive",
        "resolved": "1.5.2",
        "contentHash": "+bhbAZ52L2fIWTRrHnSCNccB7ArKVH6Wa7c/kzO4YybrzXxgmDbLjuOwS49FgN9qsEp/7/Xqalc3YyquXs9uwA==",
        "dependencies": {
          "Cyotek.Drawing.BitmapFont": "2.0.4",
          "FontStashSharp.Base": "1.2.2",
          "FontStashSharp.Rasterizers.StbTrueTypeSharp": "1.2.2",
          "StbImageSharp": "2.30.15"
        }
      },
      "FontStashSharp.Rasterizers.StbTrueTypeSharp": {
        "type": "Transitive",
        "resolved": "1.2.2",
        "contentHash": "OoXoGkxNMhyQeYR/wjeN6Bs8Guea7FisKXLcVJdeNtSYT+5iKxIh4ETi9x9OIk7GEQtNbE0yVhG3rb8RS04Kmg==",
        "dependencies": {
          "FontStashSharp.Base": "1.2.2",
          "StbTrueTypeSharp": "1.26.12"
        }
      },
      "MonoGame.Extended": {
        "type": "Transitive",
        "resolved": "5.3.1",
        "contentHash": "/61Jvhpr9fogQEma3/DWrxMEt5SGsq5H48WrISi2e2lb9J4j+xF6DOl+MkMxZcDHiVVN/noOfyTTirdqCGbm3g=="
      },
      "SharpGen.Runtime": {
        "type": "Transitive",
        "resolved": "2.1.2-beta",
        "contentHash": "nqZAjfEG1jX1ivvdZLsi6Pkt0DiOJyuOgRgldNFsmjXFPhxUbXQibofLSwuDZidL2kkmtTF8qLoRIeqeVdXgYw=="
      },
      "SharpGen.Runtime.COM": {
        "type": "Transitive",
        "resolved": "2.1.2-beta",
        "contentHash": "HBCrb6HfnUWx9v5/GjJeBr5DuodZLnHlFQQYXPrQs1Hbe1c6Wd0uCXf+SJp4hW8fQNxjXEu0FgiyHGlA/SRzRw==",
        "dependencies": {
          "SharpGen.Runtime": "2.1.2-beta"
        }
      },
      "Silk.NET.SPIRV.Cross.Native": {
        "type": "Transitive",
        "resolved": "2.23.0",
        "contentHash": "pY4LmIE8nYXkfCgExxksYlnYZZ4D3/AW13XNcpyp0jJDTkCpDsXL0nLOX7CM7tPS6xvkiERRd+Do2zegbl7Xtw=="
      },
      "StbImageSharp": {
        "type": "Transitive",
        "resolved": "2.30.15",
        "contentHash": "7QqbupVhz2kcFUPTgMw4iHR9rYDHGundzzee19Mwmd1typ2Lnv8EVJcLJxlkeBM2+4ex0NwsMtdbGSJctp1XCQ=="
      },
      "StbTrueTypeSharp": {
        "type": "Transitive",
        "resolved": "1.26.12",
        "contentHash": "hCc6/OsfcPa5VsLECcEU2m78WOshBrKwK42nAodSm9Z5wH68f7n66SoiRLCdGCkDaqbWz2TlX4zYHIjogj1HJA=="
      },
      "Vortice.D3DCompiler": {
        "type": "Transitive",
        "resolved": "3.3.4",
        "contentHash": "G0yAN1us091ulIzPfMVJeJf8JX3Tu/Wu0l4zip4HPLfVUWWxsBJF0eaEdwSPrUyz97LEG6zjHruL4sZoNRBHcA==",
        "dependencies": {
          "SharpGen.Runtime": "2.1.2-beta",
          "SharpGen.Runtime.COM": "2.1.2-beta",
          "Vortice.DirectX": "3.3.4",
          "Vortice.Mathematics": "1.7.2"
        }
      },
      "Vortice.Direct3D12": {
        "type": "Transitive",
        "resolved": "3.5.0",
        "contentHash": "/gZ5AAVxz9wX/IiO0jubuuCa1lfXxyumCDlcdDiRkweMDRzPghU0Om4RjN339jJ0H2UJJNRh8YmzTi3qqAYDvQ==",
        "dependencies": {
          "SharpGen.Runtime": "2.1.2-beta",
          "Vortice.DXGI": "3.5.0"
        }
      },
      "Vortice.DirectX": {
        "type": "Transitive",
        "resolved": "3.5.0",
        "contentHash": "LwyojEqRCaYgMoEqKsLnHWJ85wM237wFzZy/w57kvQPDsEd+zcqdwDYswOCEdizcLtDBzX/Xt4bbUPgFi8Kp4w==",
        "dependencies": {
          "SharpGen.Runtime": "2.1.2-beta",
          "SharpGen.Runtime.COM": "2.1.2-beta",
          "Vortice.Mathematics": "1.7.8"
        }
      },
      "Vortice.Dxc": {
        "type": "Transitive",
        "resolved": "3.3.4",
        "contentHash": "Q+JJzn96ZKaLQFEhLRFtWau0/KxORtREpP8FTRdKN0luIdrTZIARto7OESKpOGXl3idIGP/jH8YQIupNzaR5EQ==",
        "dependencies": {
          "SharpGen.Runtime": "2.1.2-beta",
          "SharpGen.Runtime.COM": "2.1.2-beta"
        }
      },
      "Vortice.DXGI": {
        "type": "Transitive",
        "resolved": "3.5.0",
        "contentHash": "W1dHY13DbitLJDVAAD8+YiGddqzBP1m3wN3pfEmxYrrE+dGEV/31aaw8EV74GXYnJQZ2vWJCnc7LCFPR2YkBnw==",
        "dependencies": {
          "SharpGen.Runtime": "2.1.2-beta",
          "Vortice.DirectX": "3.5.0"
        }
      },
      "Vortice.Mathematics": {
        "type": "Transitive",
        "resolved": "1.7.8",
        "contentHash": "hpVlfej54yC6Qaq9AYXWgTgF8SDz2dtKbDNZGO8msjn3NjdkUBnFcIzYfOWyvwvpr3aqZPKh4WSSnJ78GxyIWg=="
      },
      "shadowdusk.compiler": {
        "type": "Project",
        "dependencies": {
          "ShadowDusk.Core": "[0.13.0, )",
          "ShadowDusk.GLSL": "[0.13.0, )",
          "ShadowDusk.HLSL": "[0.13.0, )"
        }
      },
      "shadowdusk.core": {
        "type": "Project"
      },
      "shadowdusk.glsl": {
        "type": "Project",
        "dependencies": {
          "ShadowDusk.Core": "[0.13.0, )",
          "Silk.NET.SPIRV.Cross.Native": "[2.23.0, )"
        }
      },
      "shadowdusk.hlsl": {
        "type": "Project",
        "dependencies": {
          "ShadowDusk.Core": "[0.13.0, )",
          "Vortice.D3DCompiler": "[3.3.4, )",
          "Vortice.Direct3D12": "[3.5.0, )",
          "Vortice.Dxc": "[3.3.4, )"
        }
      }
    }
  }
}